// !$*UTF8*$!
{
	archiveVersion = 1;
	classes = {
	};
	objectVersion = 46;
	objects = {

/* Begin PBXBuildFile section */
		95382F991D07251A0094937E /* AppDelegate.swift in Sources */ = {isa = PBXBuildFile; fileRef = 95382F981D07251A0094937E /* AppDelegate.swift */; };
		95382F9B1D07251A0094937E /* ViewController.swift in Sources */ = {isa = PBXBuildFile; fileRef = 95382F9A1D07251A0094937E /* ViewController.swift */; };
		95382F9E1D07251A0094937E /* Main.storyboard in Resources */ = {isa = PBXBuildFile; fileRef = 95382F9C1D07251A0094937E /* Main.storyboard */; };
		95382FA01D07251A0094937E /* Assets.xcassets in Resources */ = {isa = PBXBuildFile; fileRef = 95382F9F1D07251A0094937E /* Assets.xcassets */; };
/* End PBXBuildFile section */

/* Begin PBXFileReference section */
		95382F951D07251A0094937E /* War!.app */ = {isa = PBXFileReference; explicitFileType = wrapper.application; includeInIndex = 0; path = "War!.app"; sourceTree = BUILT_PRODUCTS_DIR; };
		95382F981D07251A0094937E /* AppDelegate.swift */ = {isa = PBXFileReference; lastKnownFileType = sourcecode.swift; path = AppDelegate.swift; sourceTree = "<group>"; };
		95382F9A1D07251A0094937E /* ViewController.swift */ = {isa = PBXFileReference; lastKnownFileType = sourcecode.swift; path = ViewController.swift; sourceTree = "<group>"; };
		95382F9D1D07251A0094937E /* Base */ = {isa = PBXFileReference; lastKnownFileType = file.storyboard; name = Base; path = Base.lproj/Main.storyboard; sourceTree = "<group>"; };
		95382F9F1D07251A0094937E /* Assets.xcassets */ = {isa = PBXFileReference; lastKnownFileType = folder.assetcatalog; path = Assets.xcassets; sourceTree = "<group>"; };
		95382FA41D07251A0094937E /* Info.plist */ = {isa = PBXFileReference; lastKnownFileType = text.plist.xml; path = Info.plist; sourceTree = "<group>"; };
/* End PBXFileReference section */

/* Begin PBXFrameworksBuildPhase section */
		95382F921D07251A0094937E /* Frameworks */ = {
			isa = PBXFrameworksBuildPhase;
			buildActionMask = 2147483647;
			files = (
			);
			runOnlyForDeploymentPostprocessing = 0;
		};
/* End PBXFrameworksBuildPhase section */

/* Begin PBXGroup section */
		95382F8C1D07251A0094937E = {
			isa = PBXGroup;
			children = (
				95382F971D07251A0094937E /* War! */,
				95382F961D07251A0094937E /* Products */,
			);
			sourceTree = "<group>";
		};
		95382F961D07251A0094937E /* Products */ = {
			isa = PBXGroup;
			children = (
				95382F951D07251A0094937E /* War!.app */,
			);
			name = Products;
			sourceTree = "<group>";
		};
		95382F971D07251A0094937E /* War! */ = {
			isa = PBXGroup;
			children = (
				95382F981D07251A0094937E /* AppDelegate.swift */,
				95382F9A1D07251A0094937E /* ViewController.swift */,
				95382F9C1D07251A0094937E /* Main.storyboard */,
				95382F9F1D07251A0094937E /* Assets.xcassets */,
				95382FA41D07251A0094937E /* Info.plist */,
			);
			path = "War!";
			sourceTree = "<group>";
		};
/* End PBXGroup section */

/* Begin PBXNativeTarget section */
		95382F941D07251A0094937E /* War! */ = {
			isa = PBXNativeTarget;
			buildConfigurationList = 95382FA71D07251A0094937E /* Build configuration list for PBXNativeTarget "War!" */;
			buildPhases = (
				95382F911D07251A0094937E /* Sources */,
				95382F921D07251A0094937E /* Frameworks */,
				95382F931D07251A0094937E /* Resources */,
			);
			buildRules = (
			);
			dependencies = (
			);
			name = "War!";
			productName = "War!";
			productReference = 95382F951D07251A0094937E /* War!.app */;
			productType = "com.apple.product-type.application";
		};
/* End PBXNativeTarget section */

/* Begin PBXProject section */
		95382F8D1D07251A0094937E /* Project object */ = {
			isa = PBXProject;
			attributes = {
				LastSwiftUpdateCheck = 0730;
				LastUpgradeCheck = 0730;
				ORGANIZATIONNAME = SteveCox;
				TargetAttributes = {
					95382F941D07251A0094937E = {
						CreatedOnToolsVersion = 7.3.1;
						DevelopmentTeam = B829RQHZNJ;
					};
				};
			};
			buildConfigurationList = 95382F901D07251A0094937E /* Build configuration list for PBXProject "War!" */;
			compatibilityVersion = "Xcode 3.2";
			developmentRegion = English;
			hasScannedForEncodings = 0;
			knownRegions = (
				en,
				Base,
			);
			mainGroup = 95382F8C1D07251A0094937E;
			productRefGroup = 95382F961D07251A0094937E /* Products */;
			projectDirPath = "";
			projectRoot = "";
			targets = (
				95382F941D07251A0094937E /* War! */,
			);
		};
/* End PBXProject section */

/* Begin PBXResourcesBuildPhase section */
		95382F931D07251A0094937E /* Resources */ = {
			isa = PBXResourcesBuildPhase;
			buildActionMask = 2147483647;
			files = (
				95382FA01D07251A0094937E /* Assets.xcassets in Resources */,
				95382F9E1D07251A0094937E /* Main.storyboard in Resources */,
			);
			runOnlyForDeploymentPostprocessing = 0;
		};
/* End PBXResourcesBuildPhase section */

/* Begin PBXSourcesBuildPhase section */
		95382F911D07251A0094937E /* Sources */ = {
			isa = PBXSourcesBuildPhase;
			buildActionMask = 2147483647;
			files = (
				95382F9B1D07251A0094937E /* ViewController.swift in Sources */,
				95382F991D07251A0094937E /* AppDelegate.swift in Sources */,
			);
			runOnlyForDeploymentPostprocessing = 0;
		};
/* End PBXSourcesBuildPhase section */

/* Begin PBXVariantGroup section */
		95382F9C1D07251A0094937E /* Main.storyboard */ = {
			isa = PBXVariantGroup;
			children = (
				95382F9D1D07251A0094937E /* Base */,
			);
			name = Main.storyboard;
			sourceTree = "<group>";
		};
/* End PBXVariantGroup section */

/* Begin XCBuildConfiguration section */
		95382FA51D07251A0094937E /* Debug */ = {
			isa = XCBuildConfiguration;
			buildSettings = {
				ALWAYS_SEARCH_USER_PATHS = NO;
				CLANG_ANALYZER_NONNULL = YES;
				CLANG_CXX_LANGUAGE_STANDARD = "gnu++0x";
				CLANG_CXX_LIBRARY = "libc++";
				CLANG_ENABLE_MODULES = YES;
				CLANG_ENABLE_OBJC_ARC = YES;
				CLANG_WARN_BOOL_CONVERSION = YES;
				CLANG_WARN_CONSTANT_CONVERSION = YES;
				CLANG_WARN_DIRECT_OBJC_ISA_USAGE = YES_ERROR;
				CLANG_WARN_EMPTY_BODY = YES;
				CLANG_WARN_ENUM_CONVERSION = YES;
				CLANG_WARN_INT_CONVERSION = YES;
				CLANG_WARN_OBJC_ROOT_CLASS = YES_ERROR;
				CLANG_WARN_UNREACHABLE_CODE = YES;
				CLANG_WARN__DUPLICATE_METHOD_MATCH = YES;
				"CODE_SIGN_IDENTITY[sdk=iphoneos*]" = "iPhone Developer";
				COPY_PHASE_STRIP = NO;
				DEBUG_INFORMATION_FORMAT = dwarf;
				ENABLE_STRICT_OBJC_MSGSEND = YES;
				ENABLE_TESTABILITY = YES;
				GCC_C_LANGUAGE_STANDARD = gnu99;
				GCC_DYNAMIC_NO_PIC = NO;
				GCC_NO_COMMON_BLOCKS = YES;
				GCC_OPTIMIZATION_LEVEL = 0;
				GCC_PREPROCESSOR_DEFINITIONS = (
					"DEBUG=1",
					"$(inherited)",
				);
				GCC_WARN_64_TO_32_BIT_CONVERSION = YES;
				GCC_WARN_ABOUT_RETURN_TYPE = YES_ERROR;
				GCC_WARN_UNDECLARED_SELECTOR = YES;
				GCC_WARN_UNINITIALIZED_AUTOS = YES_AGGRESSIVE;
				GCC_WARN_UNUSED_FUNCTION = YES;
				GCC_WARN_UNUSED_VARIABLE = YES;
				IPHONEOS_DEPLOYMENT_TARGET = 9.3;
				MTL_ENABLE_DEBUG_INFO = YES;
				ONLY_ACTIVE_ARCH = YES;
				SDKROOT = iphoneos;
				SWIFT_OPTIMIZATION_LEVEL = "-Onone";
			};
			name = Debug;
		};
		95382FA61D07251A0094937E /* Release */ = {
			isa = XCBuildConfiguration;
			buildSettings = {
				ALWAYS_SEARCH_USER_PATHS = NO;
				CLANG_ANALYZER_NONNULL = YES;
				CLANG_CXX_LANGUAGE_STANDARD = "gnu++0x";
				CLANG_CXX_LIBRARY = "libc++";
				CLANG_ENABLE_MODULES = YES;
				CLANG_ENABLE_OBJC_ARC = YES;
				CLANG_WARN_BOOL_CONVERSION = YES;
				CLANG_WARN_CONSTANT_CONVERSION = YES;
				CLANG_WARN_DIRECT_OBJC_ISA_USAGE = YES_ERROR;
				CLANG_WARN_EMPTY_BODY = YES;
				CLANG_WARN_ENUM_CONVERSION = YES;
				CLANG_WARN_INT_CONVERSION = YES;
				CLANG_WARN_OBJC_ROOT_CLASS = YES_ERROR;
				CLANG_WARN_UNREACHABLE_CODE = YES;
				CLANG_WARN__DUPLICATE_METHOD_MATCH = YES;
				"CODE_SIGN_IDENTITY[sdk=iphoneos*]" = "iPhone Developer";
				COPY_PHASE_STRIP = NO;
				DEBUG_INFORMATION_FORMAT = "dwarf-with-dsym";
				ENABLE_NS_ASSERTIONS = NO;
				ENABLE_STRICT_OBJC_MSGSEND = YES;
				GCC_C_LANGUAGE_STANDARD = gnu99;
				GCC_NO_COMMON_BLOCKS = YES;
				GCC_WARN_64_TO_32_BIT_CONVERSION = YES;
				GCC_WARN_ABOUT_RETURN_TYPE = YES_ERROR;
				GCC_WARN_UNDECLARED_SELECTOR = YES;
				GCC_WARN_UNINITIALIZED_AUTOS = YES_AGGRESSIVE;
				GCC_WARN_UNUSED_FUNCTION = YES;
				GCC_WARN_UNUSED_VARIABLE = YES;
				IPHONEOS_DEPLOYMENT_TARGET = 9.3;
				MTL_ENABLE_DEBUG_INFO = NO;
				SDKROOT = iphoneos;
				VALIDATE_PRODUCT = YES;
			};
			name = Release;
		};
		95382FA81D07251A0094937E /* Debug */ = {
			isa = XCBuildConfiguration;
			buildSettings = {
				ASSETCATALOG_COMPILER_APPICON_NAME = AppIcon;
				CODE_SIGN_IDENTITY = "iPhone Developer";
				INFOPLIST_FILE = "War!/Info.plist";
				IPHONEOS_DEPLOYMENT_TARGET = 9.2;
				LD_RUNPATH_SEARCH_PATHS = "$(inherited) @executable_path/Frameworks";
				PRODUCT_BUNDLE_IDENTIFIER = "com.SteveCox.War-";
				PRODUCT_NAME = "$(TARGET_NAME)";
			};
			name = Debug;
		};
		95382FA91D07251A0094937E /* Release */ = {
			isa = XCBuildConfiguration;
			buildSettings = {
				ASSETCATALOG_COMPILER_APPICON_NAME = AppIcon;
				CODE_SIGN_IDENTITY = "iPhone Developer";
				INFOPLIST_FILE = "War!/Info.plist";
				IPHONEOS_DEPLOYMENT_TARGET = 9.2;
				LD_RUNPATH_SEARCH_PATHS = "$(inherited) @executable_path/Frameworks";
				PRODUCT_BUNDLE_IDENTIFIER = "com.SteveCox.War-";
				PRODUCT_NAME = "$(TARGET_NAME)";
			};
			name = Release;
		};
/* End XCBuildConfiguration section */

/* Begin XCConfigurationList section */
		95382F901D07251A0094937E /* Build configuration list for PBXProject "War!" */ = {
			isa = XCConfigurationList;
			buildConfigurations = (
				95382FA51D07251A0094937E /* Debug */,
				95382FA61D07251A0094937E /* Release */,
			);
			defaultConfigurationIsVisible = 0;
			defaultConfigurationName = Release;
		};
		95382FA71D07251A0094937E /* Build configuration list for PBXNativeTarget "War!" */ = {
			isa = XCConfigurationList;
			buildConfigurations = (
				95382FA81D07251A0094937E /* Debug */,
				95382FA91D07251A0094937E /* Release */,
			);
			defaultConfigurationIsVisible = 0;
		};
/* End XCConfigurationList section */
	};
	rootObject = 95382F8D1D07251A0094937E /* Project object */;
}
